
Microsoft Visual Studio Solution File, Format Version 12.00
# Visual Studio Version 16
VisualStudioVersion = 16.0.31702.278
MinimumVisualStudioVersion = 10.0.40219.1
Project("{FAE04EC0-301F-11D3-BF4B-00C04F79EFBC}") = "ImcApp.UWP", "ImcApp.UWP\ImcApp.UWP.csproj", "{2CD49931-6EEB-46D9-A065-9D86030CF8B9}"
EndProject
Project("{FAE04EC0-301F-11D3-BF4B-00C04F79EFBC}") = "ImcApp.Android", "ImcApp.Android\ImcApp.Android.csproj", "{9170B816-0C4C-4BEA-B1AD-689F4053EC01}"
EndProject
Project("{FAE04EC0-301F-11D3-BF4B-00C04F79EFBC}") = "ImcApp.iOS", "ImcApp.iOS\ImcApp.iOS.csproj", "{A64153CA-7E72-4FB3-B0BB-7DA555136C8A}"
EndProject
Project("{FAE04EC0-301F-11D3-BF4B-00C04F79EFBC}") = "ImcApp", "ImcApp\ImcApp.csproj", "{28863EFF-37D9-4E0C-AE11-075C40E7E81B}"
EndProject
Global
	GlobalSection(SolutionConfigurationPlatforms) = preSolution
		Debug|Any CPU = Debug|Any CPU
		Debug|ARM = Debug|ARM
		Debug|iPhone = Debug|iPhone
		Debug|iPhoneSimulator = Debug|iPhoneSimulator
		Debug|x64 = Debug|x64
		Debug|x86 = Debug|x86
		Release|Any CPU = Release|Any CPU
		Release|ARM = Release|ARM
		Release|iPhone = Release|iPhone
		Release|iPhoneSimulator = Release|iPhoneSimulator
		Release|x64 = Release|x64
		Release|x86 = Release|x86
	EndGlobalSection
	GlobalSection(ProjectConfigurationPlatforms) = postSolution
		{2CD49931-6EEB-46D9-A065-9D86030CF8B9}.Debug|Any CPU.ActiveCfg = Debug|x86
		{2CD49931-6EEB-46D9-A065-9D86030CF8B9}.Debug|Any CPU.Build.0 = Debug|x86
		{2CD49931-6EEB-46D9-A065-9D86030CF8B9}.Debug|Any CPU.Deploy.0 = Debug|x86
		{2CD49931-6EEB-46D9-A065-9D86030CF8B9}.Debug|ARM.ActiveCfg = Debug|ARM
		{2CD49931-6EEB-46D9-A065-9D86030CF8B9}.Debug|ARM.Build.0 = Debug|ARM
		{2CD49931-6EEB-46D9-A065-9D86030CF8B9}.Debug|ARM.Deploy.0 = Debug|ARM
		{2CD49931-6EEB-46D9-A065-9D86030CF8B9}.Debug|iPhone.ActiveCfg = Debug|x86
		{2CD49931-6EEB-46D9-A065-9D86030CF8B9}.Debug|iPhone.Build.0 = Debug|x86
		{2CD49931-6EEB-46D9-A065-9D86030CF8B9}.Debug|iPhone.Deploy.0 = Debug|x86
		{2CD49931-6EEB-46D9-A065-9D86030CF8B9}.Debug|iPhoneSimulator.ActiveCfg = Debug|x86
		{2CD49931-6EEB-46D9-A065-9D86030CF8B9}.Debug|iPhoneSimulator.Build.0 = Debug|x86
		{2CD49931-6EEB-46D9-A065-9D86030CF8B9}.Debug|iPhoneSimulator.Deploy.0 = Debug|x86
		{2CD49931-6EEB-46D9-A065-9D86030CF8B9}.Debug|x64.ActiveCfg = Debug|x64
		{2CD49931-6EEB-46D9-A065-9D86030CF8B9}.Debug|x64.Build.0 = Debug|x64
		{2CD49931-6EEB-46D9-A065-9D86030CF8B9}.Debug|x64.Deploy.0 = Debug|x64
		{2CD49931-6EEB-46D9-A065-9D86030CF8B9}.Debug|x86.ActiveCfg = Debug|x86
		{2CD49931-6EEB-46D9-A065-9D86030CF8B9}.Debug|x86.Build.0 = Debug|x86
		{2CD49931-6EEB-46D9-A065-9D86030CF8B9}.Debug|x86.Deploy.0 = Debug|x86
		{2CD49931-6EEB-46D9-A065-9D86030CF8B9}.Release|Any CPU.ActiveCfg = Release|x86
		{2CD49931-6EEB-46D9-A065-9D86030CF8B9}.Release|Any CPU.Build.0 = Release|x86
		{2CD49931-6EEB-46D9-A065-9D86030CF8B9}.Release|Any CPU.Deploy.0 = Release|x86
		{2CD49931-6EEB-46D9-A065-9D86030CF8B9}.Release|ARM.ActiveCfg = Release|ARM
		{2CD49931-6EEB-46D9-A065-9D86030CF8B9}.Release|ARM.Build.0 = Release|ARM
		{2CD49931-6EEB-46D9-A065-9D86030CF8B9}.Release|ARM.Deploy.0 = Release|ARM
		{2CD49931-6EEB-46D9-A065-9D86030CF8B9}.Release|iPhone.ActiveCfg = Release|x86
		{2CD49931-6EEB-46D9-A065-9D86030CF8B9}.Release|iPhone.Build.0 = Release|x86
		{2CD49931-6EEB-46D9-A065-9D86030CF8B9}.Release|iPhone.Deploy.0 = Release|x86
		{2CD49931-6EEB-46D9-A065-9D86030CF8B9}.Release|iPhoneSimulator.ActiveCfg = Release|x86
		{2CD49931-6EEB-46D9-A065-9D86030CF8B9}.Release|iPhoneSimulator.Build.0 = Release|x86
		{2CD49931-6EEB-46D9-A065-9D86030CF8B9}.Release|iPhoneSimulator.Deploy.0 = Release|x86
		{2CD49931-6EEB-46D9-A065-9D86030CF8B9}.Release|x64.ActiveCfg = Release|x64
		{2CD49931-6EEB-46D9-A065-9D86030CF8B9}.Release|x64.Build.0 = Release|x64
		{2CD49931-6EEB-46D9-A065-9D86030CF8B9}.Release|x64.Deploy.0 = Release|x64
		{2CD49931-6EEB-46D9-A065-9D86030CF8B9}.Release|x86.ActiveCfg = Release|x86
		{2CD49931-6EEB-46D9-A065-9D86030CF8B9}.Release|x86.Build.0 = Release|x86
		{2CD49931-6EEB-46D9-A065-9D86030CF8B9}.Release|x86.Deploy.0 = Release|x86
		{9170B816-0C4C-4BEA-B1AD-689F4053EC01}.Debug|Any CPU.ActiveCfg = Debug|Any CPU
		{9170B816-0C4C-4BEA-B1AD-689F4053EC01}.Debug|Any CPU.Build.0 = Debug|Any CPU
		{9170B816-0C4C-4BEA-B1AD-689F4053EC01}.Debug|Any CPU.Deploy.0 = Debug|Any CPU
		{9170B816-0C4C-4BEA-B1AD-689F4053EC01}.Debug|ARM.ActiveCfg = Debug|Any CPU
		{9170B816-0C4C-4BEA-B1AD-689F4053EC01}.Debug|ARM.Build.0 = Debug|Any CPU
		{9170B816-0C4C-4BEA-B1AD-689F4053EC01}.Debug|ARM.Deploy.0 = Debug|Any CPU
		{9170B816-0C4C-4BEA-B1AD-689F4053EC01}.Debug|iPhone.ActiveCfg = Debug|Any CPU
		{9170B816-0C4C-4BEA-B1AD-689F4053EC01}.Debug|iPhone.Build.0 = Debug|Any CPU
		{9170B816-0C4C-4BEA-B1AD-689F4053EC01}.Debug|iPhone.Deploy.0 = Debug|Any CPU
		{9170B816-0C4C-4BEA-B1AD-689F4053EC01}.Debug|iPhoneSimulator.ActiveCfg = Debug|Any CPU
		{9170B816-0C4C-4BEA-B1AD-689F4053EC01}.Debug|iPhoneSimulator.Build.0 = Debug|Any CPU
		{9170B816-0C4C-4BEA-B1AD-689F4053EC01}.Debug|iPhoneSimulator.Deploy.0 = Debug|Any CPU
		{9170B816-0C4C-4BEA-B1AD-689F4053EC01}.Debug|x64.ActiveCfg = Debug|Any CPU
		{9170B816-0C4C-4BEA-B1AD-689F4053EC01}.Debug|x64.Build.0 = Debug|Any CPU
		{9170B816-0C4C-4BEA-B1AD-689F4053EC01}.Debug|x64.Deploy.0 = Debug|Any CPU
		{9170B816-0C4C-4BEA-B1AD-689F4053EC01}.Debug|x86.ActiveCfg = Debug|Any CPU
		{9170B816-0C4C-4BEA-B1AD-689F4053EC01}.Debug|x86.Build.0 = Debug|Any CPU
		{9170B816-0C4C-4BEA-B1AD-689F4053EC01}.Debug|x86.Deploy.0 = Debug|Any CPU
		{9170B816-0C4C-4BEA-B1AD-689F4053EC01}.Release|Any CPU.ActiveCfg = Release|Any CPU
		{9170B816-0C4C-4BEA-B1AD-689F4053EC01}.Release|Any CPU.Build.0 = Release|Any CPU
		{9170B816-0C4C-4BEA-B1AD-689F4053EC01}.Release|Any CPU.Deploy.0 = Release|Any CPU
		{9170B816-0C4C-4BEA-B1AD-689F4053EC01}.Release|ARM.ActiveCfg = Release|Any CPU
		{9170B816-0C4C-4BEA-B1AD-689F4053EC01}.Release|ARM.Build.0 = Release|Any CPU
		{9170B816-0C4C-4BEA-B1AD-689F4053EC01}.Release|ARM.Deploy.0 = Release|Any CPU
		{9170B816-0C4C-4BEA-B1AD-689F4053EC01}.Release|iPhone.ActiveCfg = Release|Any CPU
		{9170B816-0C4C-4BEA-B1AD-689F4053EC01}.Release|iPhone.Build.0 = Release|Any CPU
		{9170B816-0C4C-4BEA-B1AD-689F4053EC01}.Release|iPhone.Deploy.0 = Release|Any CPU
		{9170B816-0C4C-4BEA-B1AD-689F4053EC01}.Release|iPhoneSimulator.ActiveCfg = Release|Any CPU
		{9170B816-0C4C-4BEA-B1AD-689F4053EC01}.Release|iPhoneSimulator.Build.0 = Release|Any CPU
		{9170B816-0C4C-4BEA-B1AD-689F4053EC01}.Release|iPhoneSimulator.Deploy.0 = Release|Any CPU
		{9170B816-0C4C-4BEA-B1AD-689F4053EC01}.Release|x64.ActiveCfg = Release|Any CPU
		{9170B816-0C4C-4BEA-B1AD-689F4053EC01}.Release|x64.Build.0 = Release|Any CPU
		{9170B816-0C4C-4BEA-B1AD-689F4053EC01}.Release|x64.Deploy.0 = Release|Any CPU
		{9170B816-0C4C-4BEA-B1AD-689F4053EC01}.Release|x86.ActiveCfg = Release|Any CPU
		{9170B816-0C4C-4BEA-B1AD-689F4053EC01}.Release|x86.Build.0 = Release|Any CPU
		{9170B816-0C4C-4BEA-B1AD-689F4053EC01}.Release|x86.Deploy.0 = Release|Any CPU
		{A64153CA-7E72-4FB3-B0BB-7DA555136C8A}.Debug|Any CPU.ActiveCfg = Debug|iPhoneSimulator
		{A64153CA-7E72-4FB3-B0BB-7DA555136C8A}.Debug|Any CPU.Build.0 = Debug|iPhoneSimulator
		{A64153CA-7E72-4FB3-B0BB-7DA555136C8A}.Debug|Any CPU.Deploy.0 = Debug|iPhoneSimulator
		{A64153CA-7E72-4FB3-B0BB-7DA555136C8A}.Debug|ARM.ActiveCfg = Debug|iPhone
		{A64153CA-7E72-4FB3-B0BB-7DA555136C8A}.Debug|ARM.Build.0 = Debug|iPhone
		{A64153CA-7E72-4FB3-B0BB-7DA555136C8A}.Debug|ARM.Deploy.0 = Debug|iPhone
		{A64153CA-7E72-4FB3-B0BB-7DA555136C8A}.Debug|iPhone.ActiveCfg = Debug|iPhone
		{A64153CA-7E72-4FB3-B0BB-7DA555136C8A}.Debug|iPhone.Build.0 = Debug|iPhone
		{A64153CA-7E72-4FB3-B0BB-7DA555136C8A}.Debug|iPhone.Deploy.0 = Debug|iPhone
		{A64153CA-7E72-4FB3-B0BB-7DA555136C8A}.Debug|iPhoneSimulator.ActiveCfg = Debug|iPhoneSimulator
		{A64153CA-7E72-4FB3-B0BB-7DA555136C8A}.Debug|iPhoneSimulator.Build.0 = Debug|iPhoneSimulator
		{A64153CA-7E72-4FB3-B0BB-7DA555136C8A}.Debug|iPhoneSimulator.Deploy.0 = Debug|iPhoneSimulator
		{A64153CA-7E72-4FB3-B0BB-7DA555136C8A}.Debug|x64.ActiveCfg = Debug|iPhoneSimulator
		{A64153CA-7E72-4FB3-B0BB-7DA555136C8A}.Debug|x64.Build.0 = Debug|iPhoneSimulator
		{A64153CA-7E72-4FB3-B0BB-7DA555136C8A}.Debug|x64.Deploy.0 = Debug|iPhoneSimulator
		{A64153CA-7E72-4FB3-B0BB-7DA555136C8A}.Debug|x86.ActiveCfg = Debug|iPhoneSimulator
		{A64153CA-7E72-4FB3-B0BB-7DA555136C8A}.Debug|x86.Build.0 = Debug|iPhoneSimulator
		{A64153CA-7E72-4FB3-B0BB-7DA555136C8A}.Debug|x86.Deploy.0 = Debug|iPhoneSimulator
		{A64153CA-7E72-4FB3-B0BB-7DA555136C8A}.Release|Any CPU.ActiveCfg = Release|iPhoneSimulator
		{A64153CA-7E72-4FB3-B0BB-7DA555136C8A}.Release|Any CPU.Build.0 = Release|iPhoneSimulator
		{A64153CA-7E72-4FB3-B0BB-7DA555136C8A}.Release|Any CPU.Deploy.0 = Release|iPhoneSimulator
		{A64153CA-7E72-4FB3-B0BB-7DA555136C8A}.Release|ARM.ActiveCfg = Release|iPhoneSimulator
		{A64153CA-7E72-4FB3-B0BB-7DA555136C8A}.Release|ARM.Build.0 = Release|iPhoneSimulator
		{A64153CA-7E72-4FB3-B0BB-7DA555136C8A}.Release|ARM.Deploy.0 = Release|iPhoneSimulator
		{A64153CA-7E72-4FB3-B0BB-7DA555136C8A}.Release|iPhone.ActiveCfg = Release|iPhone
		{A64153CA-7E72-4FB3-B0BB-7DA555136C8A}.Release|iPhone.Build.0 = Release|iPhone
		{A64153CA-7E72-4FB3-B0BB-7DA555136C8A}.Release|iPhone.Deploy.0 = Release|iPhone
		{A64153CA-7E72-4FB3-B0BB-7DA555136C8A}.Release|iPhoneSimulator.ActiveCfg = Release|iPhoneSimulator
		{A64153CA-7E72-4FB3-B0BB-7DA555136C8A}.Release|iPhoneSimulator.Build.0 = Release|iPhoneSimulator
		{A64153CA-7E72-4FB3-B0BB-7DA555136C8A}.Release|iPhoneSimulator.Deploy.0 = Release|iPhoneSimulator
		{A64153CA-7E72-4FB3-B0BB-7DA555136C8A}.Release|x64.ActiveCfg = Release|iPhoneSimulator
		{A64153CA-7E72-4FB3-B0BB-7DA555136C8A}.Release|x64.Build.0 = Release|iPhoneSimulator
		{A64153CA-7E72-4FB3-B0BB-7DA555136C8A}.Release|x64.Deploy.0 = Release|iPhoneSimulator
		{A64153CA-7E72-4FB3-B0BB-7DA555136C8A}.Release|x86.ActiveCfg = Release|iPhoneSimulator
		{A64153CA-7E72-4FB3-B0BB-7DA555136C8A}.Release|x86.Build.0 = Release|iPhoneSimulator
		{A64153CA-7E72-4FB3-B0BB-7DA555136C8A}.Release|x86.Deploy.0 = Release|iPhoneSimulator
		{28863EFF-37D9-4E0C-AE11-075C40E7E81B}.Debug|Any CPU.ActiveCfg = Debug|Any CPU
		{28863EFF-37D9-4E0C-AE11-075C40E7E81B}.Debug|Any CPU.Build.0 = Debug|Any CPU
		{28863EFF-37D9-4E0C-AE11-075C40E7E81B}.Debug|Any CPU.Deploy.0 = Debug|Any CPU
		{28863EFF-37D9-4E0C-AE11-075C40E7E81B}.Debug|ARM.ActiveCfg = Debug|Any CPU
		{28863EFF-37D9-4E0C-AE11-075C40E7E81B}.Debug|ARM.Build.0 = Debug|Any CPU
		{28863EFF-37D9-4E0C-AE11-075C40E7E81B}.Debug|ARM.Deploy.0 = Debug|Any CPU
		{28863EFF-37D9-4E0C-AE11-075C40E7E81B}.Debug|iPhone.ActiveCfg = Debug|Any CPU
		{28863EFF-37D9-4E0C-AE11-075C40E7E81B}.Debug|iPhone.Build.0 = Debug|Any CPU
		{28863EFF-37D9-4E0C-AE11-075C40E7E81B}.Debug|iPhone.Deploy.0 = Debug|Any CPU
		{28863EFF-37D9-4E0C-AE11-075C40E7E81B}.Debug|iPhoneSimulator.ActiveCfg = Debug|Any CPU
		{28863EFF-37D9-4E0C-AE11-075C40E7E81B}.Debug|iPhoneSimulator.Build.0 = Debug|Any CPU
		{28863EFF-37D9-4E0C-AE11-075C40E7E81B}.Debug|iPhoneSimulator.Deploy.0 = Debug|Any CPU
		{28863EFF-37D9-4E0C-AE11-075C40E7E81B}.Debug|x64.ActiveCfg = Debug|Any CPU
		{28863EFF-37D9-4E0C-AE11-075C40E7E81B}.Debug|x64.Build.0 = Debug|Any CPU
		{28863EFF-37D9-4E0C-AE11-075C40E7E81B}.Debug|x64.Deploy.0 = Debug|Any CPU
		{28863EFF-37D9-4E0C-AE11-075C40E7E81B}.Debug|x86.ActiveCfg = Debug|Any CPU
		{28863EFF-37D9-4E0C-AE11-075C40E7E81B}.Debug|x86.Build.0 = Debug|Any CPU
		{28863EFF-37D9-4E0C-AE11-075C40E7E81B}.Debug|x86.Deploy.0 = Debug|Any CPU
		{28863EFF-37D9-4E0C-AE11-075C40E7E81B}.Release|Any CPU.ActiveCfg = Release|Any CPU
		{28863EFF-37D9-4E0C-AE11-075C40E7E81B}.Release|Any CPU.Build.0 = Release|Any CPU
		{28863EFF-37D9-4E0C-AE11-075C40E7E81B}.Release|Any CPU.Deploy.0 = Release|Any CPU
		{28863EFF-37D9-4E0C-AE11-075C40E7E81B}.Release|ARM.ActiveCfg = Release|Any CPU
		{28863EFF-37D9-4E0C-AE11-075C40E7E81B}.Release|ARM.Build.0 = Release|Any CPU
		{28863EFF-37D9-4E0C-AE11-075C40E7E81B}.Release|ARM.Deploy.0 = Release|Any CPU
		{28863EFF-37D9-4E0C-AE11-075C40E7E81B}.Release|iPhone.ActiveCfg = Release|Any CPU
		{28863EFF-37D9-4E0C-AE11-075C40E7E81B}.Release|iPhone.Build.0 = Release|Any CPU
		{28863EFF-37D9-4E0C-AE11-075C40E7E81B}.Release|iPhone.Deploy.0 = Release|Any CPU
		{28863EFF-37D9-4E0C-AE11-075C40E7E81B}.Release|iPhoneSimulator.ActiveCfg = Release|Any CPU
		{28863EFF-37D9-4E0C-AE11-075C40E7E81B}.Release|iPhoneSimulator.Build.0 = Release|Any CPU
		{28863EFF-37D9-4E0C-AE11-075C40E7E81B}.Release|iPhoneSimulator.Deploy.0 = Release|Any CPU
		{28863EFF-37D9-4E0C-AE11-075C40E7E81B}.Release|x64.ActiveCfg = Release|Any CPU
		{28863EFF-37D9-4E0C-AE11-075C40E7E81B}.Release|x64.Build.0 = Release|Any CPU
		{28863EFF-37D9-4E0C-AE11-075C40E7E81B}.Release|x64.Deploy.0 = Release|Any CPU
		{28863EFF-37D9-4E0C-AE11-075C40E7E81B}.Release|x86.ActiveCfg = Release|Any CPU
		{28863EFF-37D9-4E0C-AE11-075C40E7E81B}.Release|x86.Build.0 = Release|Any CPU
		{28863EFF-37D9-4E0C-AE11-075C40E7E81B}.Release|x86.Deploy.0 = Release|Any CPU
	EndGlobalSection
	GlobalSection(SolutionProperties) = preSolution
		HideSolutionNode = FALSE
	EndGlobalSection
	GlobalSection(ExtensibilityGlobals) = postSolution
		SolutionGuid = {07A2B70B-4B29-4461-AA99-31F87AE2D955}
	EndGlobalSection
EndGlobal
